{
  "name": "polymer-starter-kit",
  "requires": true,
  "lockfileVersion": 1,
  "dependencies": {
    "@polymer/font-roboto": {
      "version": "0.0.3",
      "resolved": "https://registry.npmjs.org/@polymer/font-roboto/-/font-roboto-0.0.3.tgz",
      "integrity": "sha1-nVjttmC77S1L0p07+bIcIL3dYYc="
    },
    "@polymer/iron-flex-layout": {
      "version": "0.0.3",
      "resolved": "https://registry.npmjs.org/@polymer/iron-flex-layout/-/iron-flex-layout-0.0.3.tgz",
      "integrity": "sha1-t9enMrHLrf5qqVAMoG9A0CV4uvc=",
      "requires": {
        "@polymer/polymer": "1.2.5-npm-test.2"
      }
    },
    "@polymer/iron-image": {
      "version": "0.0.3",
      "resolved": "https://registry.npmjs.org/@polymer/iron-image/-/iron-image-0.0.3.tgz",
      "integrity": "sha1-Q9l8y819EEJMexitCZHID4ZQdgg=",
      "requires": {
        "@polymer/iron-flex-layout": "0.0.3",
        "@polymer/polymer": "1.2.5-npm-test.2"
      }
    },
    "@polymer/paper-card": {
      "version": "0.0.3",
      "resolved": "https://registry.npmjs.org/@polymer/paper-card/-/paper-card-0.0.3.tgz",
      "integrity": "sha1-7WctvNldt+IrpSVeAQse1e5xEfo=",
      "requires": {
        "@polymer/iron-flex-layout": "0.0.3",
        "@polymer/iron-image": "0.0.3",
        "@polymer/paper-material": "0.0.3",
        "@polymer/paper-styles": "0.0.3",
        "@polymer/polymer": "1.2.5-npm-test.2"
      }
    },
    "@polymer/paper-material": {
      "version": "0.0.3",
      "resolved": "https://registry.npmjs.org/@polymer/paper-material/-/paper-material-0.0.3.tgz",
      "integrity": "sha1-8V026b2nBcKWnHBWRzCmRsAsJsI=",
      "requires": {
        "@polymer/paper-styles": "0.0.3",
        "@polymer/polymer": "1.2.5-npm-test.2"
      }
    },
    "@polymer/paper-styles": {
      "version": "0.0.3",
      "resolved": "https://registry.npmjs.org/@polymer/paper-styles/-/paper-styles-0.0.3.tgz",
      "integrity": "sha1-uEZqBHgH1vxjwk+nG0hsl1zHU3k=",
      "requires": {
        "@polymer/font-roboto": "0.0.3",
        "@polymer/iron-flex-layout": "0.0.3",
        "@polymer/polymer": "1.2.5-npm-test.2"
      }
    },
    "@polymer/polymer": {
      "version": "1.2.5-npm-test.2",
      "resolved": "https://registry.npmjs.org/@polymer/polymer/-/polymer-1.2.5-npm-test.2.tgz",
      "integrity": "sha1-eTD1ZjwvaGkVRR0hHmY6qZl9czY=",
      "requires": {
        "webcomponents.js": "0.7.24"
      }
    },
    "js-tokens": {
      "version": "https://registry.npmjs.org/js-tokens/-/js-tokens-3.0.2.tgz",
      "integrity": "sha1-mGbfOVECEw449/mWvOtlRDIJwls="
    },
    "lodash": {
      "version": "https://registry.npmjs.org/lodash/-/lodash-4.17.4.tgz",
      "integrity": "sha1-eCA6TRwyiuHYbcpkYONptX9AVa4="
    },
    "lodash-es": {
      "version": "https://registry.npmjs.org/lodash-es/-/lodash-es-4.17.4.tgz",
      "integrity": "sha1-3MHXVS4VCgZABzupyzHXDwMpUOc="
    },
    "loose-envify": {
      "version": "https://registry.npmjs.org/loose-envify/-/loose-envify-1.3.1.tgz",
      "integrity": "sha1-0aitM/qc4OcT1l/dCsi3SNR4yEg=",
      "requires": {
        "js-tokens": "https://registry.npmjs.org/js-tokens/-/js-tokens-3.0.2.tgz"
      }
    },
    "redux": {
      "version": "https://registry.npmjs.org/redux/-/redux-3.7.2.tgz",
      "integrity": "sha1-BrcxIyFZAdJdBlvjQusCa8HIU3s=",
      "requires": {
        "lodash": "https://registry.npmjs.org/lodash/-/lodash-4.17.4.tgz",
        "lodash-es": "https://registry.npmjs.org/lodash-es/-/lodash-es-4.17.4.tgz",
        "loose-envify": "https://registry.npmjs.org/loose-envify/-/loose-envify-1.3.1.tgz",
        "symbol-observable": "https://registry.npmjs.org/symbol-observable/-/symbol-observable-1.0.4.tgz"
      }
    },
    "symbol-observable": {
      "version": "https://registry.npmjs.org/symbol-observable/-/symbol-observable-1.0.4.tgz",
      "integrity": "sha1-Kb9hXUqnEhvdiYsi1LP5vE4qoD0="
    },
    "webcomponents.js": {
      "version": "0.7.24",
      "resolved": "https://registry.npmjs.org/webcomponents.js/-/webcomponents.js-0.7.24.tgz",
      "integrity": "sha1-IRb7+hRo7EFqe+/aozPh0Rj2nAQ="
    }
  }
}
